// !$*UTF8*$!
{
	archiveVersion = 1;
	classes = {
	};
	objectVersion = 48;
	objects = {

/* Begin PBXBuildFile section */
		2AD52CFD1F89FEE50090F7A3 /* AppDelegate.swift in Sources */ = {isa = PBXBuildFile; fileRef = 2AD52CFC1F89FEE50090F7A3 /* AppDelegate.swift */; };
		2AD52CFF1F89FEE50090F7A3 /* ViewController.swift in Sources */ = {isa = PBXBuildFile; fileRef = 2AD52CFE1F89FEE50090F7A3 /* ViewController.swift */; };
		2AD52D021F89FEE50090F7A3 /* Main.storyboard in Resources */ = {isa = PBXBuildFile; fileRef = 2AD52D001F89FEE50090F7A3 /* Main.storyboard */; };
		2AD52D041F89FEE50090F7A3 /* Assets.xcassets in Resources */ = {isa = PBXBuildFile; fileRef = 2AD52D031F89FEE50090F7A3 /* Assets.xcassets */; };
		2AD52D071F89FEE50090F7A3 /* LaunchScreen.storyboard in Resources */ = {isa = PBXBuildFile; fileRef = 2AD52D051F89FEE50090F7A3 /* LaunchScreen.storyboard */; };
/* End PBXBuildFile section */

/* Begin PBXFileReference section */
		2AD52CF91F89FEE50090F7A3 /* firstIosAppp.app */ = {isa = PBXFileReference; explicitFileType = wrapper.application; includeInIndex = 0; path = firstIosAppp.app; sourceTree = BUILT_PRODUCTS_DIR; };
		2AD52CFC1F89FEE50090F7A3 /* AppDelegate.swift */ = {isa = PBXFileReference; lastKnownFileType = sourcecode.swift; path = AppDelegate.swift; sourceTree = "<group>"; };
		2AD52CFE1F89FEE50090F7A3 /* ViewController.swift */ = {isa = PBXFileReference; lastKnownFileType = sourcecode.swift; path = ViewController.swift; sourceTree = "<group>"; };
		2AD52D011F89FEE50090F7A3 /* Base */ = {isa = PBXFileReference; lastKnownFileType = file.storyboard; name = Base; path = Base.lproj/Main.storyboard; sourceTree = "<group>"; };
		2AD52D031F89FEE50090F7A3 /* Assets.xcassets */ = {isa = PBXFileReference; lastKnownFileType = folder.assetcatalog; path = Assets.xcassets; sourceTree = "<group>"; };
		2AD52D061F89FEE50090F7A3 /* Base */ = {isa = PBXFileReference; lastKnownFileType = file.storyboard; name = Base; path = Base.lproj/LaunchScreen.storyboard; sourceTree = "<group>"; };
		2AD52D081F89FEE50090F7A3 /* Info.plist */ = {isa = PBXFileReference; lastKnownFileType = text.plist.xml; path = Info.plist; sourceTree = "<group>"; };
/* End PBXFileReference section */

/* Begin PBXFrameworksBuildPhase section */
		2AD52CF61F89FEE50090F7A3 /* Frameworks */ = {
			isa = PBXFrameworksBuildPhase;
			buildActionMask = 2147483647;
			files = (
			);
			runOnlyForDeploymentPostprocessing = 0;
		};
/* End PBXFrameworksBuildPhase section */

/* Begin PBXGroup section */
		2AD52CF01F89FEE50090F7A3 = {
			isa = PBXGroup;
			children = (
				2AD52CFB1F89FEE50090F7A3 /* firstIosAppp */,
				2AD52CFA1F89FEE50090F7A3 /* Products */,
			);
			sourceTree = "<group>";
		};
		2AD52CFA1F89FEE50090F7A3 /* Products */ = {
			isa = PBXGroup;
			children = (
				2AD52CF91F89FEE50090F7A3 /* firstIosAppp.app */,
			);
			name = Products;
			sourceTree = "<group>";
		};
		2AD52CFB1F89FEE50090F7A3 /* firstIosAppp */ = {
			isa = PBXGroup;
			children = (
				2AD52CFC1F89FEE50090F7A3 /* AppDelegate.swift */,
				2AD52CFE1F89FEE50090F7A3 /* ViewController.swift */,
				2AD52D001F89FEE50090F7A3 /* Main.storyboard */,
				2AD52D031F89FEE50090F7A3 /* Assets.xcassets */,
				2AD52D051F89FEE50090F7A3 /* LaunchScreen.storyboard */,
				2AD52D081F89FEE50090F7A3 /* Info.plist */,
			);
			path = firstIosAppp;
			sourceTree = "<group>";
		};
/* End PBXGroup section */

/* Begin PBXNativeTarget section */
		2AD52CF81F89FEE50090F7A3 /* firstIosAppp */ = {
			isa = PBXNativeTarget;
			buildConfigurationList = 2AD52D0B1F89FEE50090F7A3 /* Build configuration list for PBXNativeTarget "firstIosAppp" */;
			buildPhases = (
				2AD52CF51F89FEE50090F7A3 /* Sources */,
				2AD52CF61F89FEE50090F7A3 /* Frameworks */,
				2AD52CF71F89FEE50090F7A3 /* Resources */,
			);
			buildRules = (
			);
			dependencies = (
			);
			name = firstIosAppp;
			productName = firstIosAppp;
			productReference = 2AD52CF91F89FEE50090F7A3 /* firstIosAppp.app */;
			productType = "com.apple.product-type.application";
		};
/* End PBXNativeTarget section */

/* Begin PBXProject section */
		2AD52CF11F89FEE50090F7A3 /* Project object */ = {
			isa = PBXProject;
			attributes = {
				LastSwiftUpdateCheck = 0900;
				LastUpgradeCheck = 0900;
				ORGANIZATIONNAME = gong;
				TargetAttributes = {
					2AD52CF81F89FEE50090F7A3 = {
						CreatedOnToolsVersion = 9.0;
						ProvisioningStyle = Automatic;
					};
				};
			};
			buildConfigurationList = 2AD52CF41F89FEE50090F7A3 /* Build configuration list for PBXProject "firstIosAppp" */;
			compatibilityVersion = "Xcode 8.0";
			developmentRegion = en;
			hasScannedForEncodings = 0;
			knownRegions = (
				en,
				Base,
			);
			mainGroup = 2AD52CF01F89FEE50090F7A3;
			productRefGroup = 2AD52CFA1F89FEE50090F7A3 /* Products */;
			projectDirPath = "";
			projectRoot = "";
			targets = (
				2AD52CF81F89FEE50090F7A3 /* firstIosAppp */,
			);
		};
/* End PBXProject section */

/* Begin PBXResourcesBuildPhase section */
		2AD52CF71F89FEE50090F7A3 /* Resources */ = {
			isa = PBXResourcesBuildPhase;
			buildActionMask = 2147483647;
			files = (
				2AD52D071F89FEE50090F7A3 /* LaunchScreen.storyboard in Resources */,
				2AD52D041F89FEE50090F7A3 /* Assets.xcassets in Resources */,
				2AD52D021F89FEE50090F7A3 /* Main.storyboard in Resources */,
			);
			runOnlyForDeploymentPostprocessing = 0;
		};
/* End PBXResourcesBuildPhase section */

/* Begin PBXSourcesBuildPhase section */
		2AD52CF51F89FEE50090F7A3 /* Sources */ = {
			isa = PBXSourcesBuildPhase;
			buildActionMask = 2147483647;
			files = (
				2AD52CFF1F89FEE50090F7A3 /* ViewController.swift in Sources */,
				2AD52CFD1F89FEE50090F7A3 /* AppDelegate.swift in Sources */,
			);
			runOnlyForDeploymentPostprocessing = 0;
		};
/* End PBXSourcesBuildPhase section */

/* Begin PBXVariantGroup section */
		2AD52D001F89FEE50090F7A3 /* Main.storyboard */ = {
			isa = PBXVariantGroup;
			children = (
				2AD52D011F89FEE50090F7A3 /* Base */,
			);
			name = Main.storyboard;
			sourceTree = "<group>";
		};
		2AD52D051F89FEE50090F7A3 /* LaunchScreen.storyboard */ = {
			isa = PBXVariantGroup;
			children = (
				2AD52D061F89FEE50090F7A3 /* Base */,
			);
			name = LaunchScreen.storyboard;
			sourceTree = "<group>";
		};
/* End PBXVariantGroup section */

/* Begin XCBuildConfiguration section */
		2AD52D091F89FEE50090F7A3 /* Debug */ = {
			isa = XCBuildConfiguration;
			buildSettings = {
				ALWAYS_SEARCH_USER_PATHS = NO;
				CLANG_ANALYZER_NONNULL = YES;
				CLANG_ANALYZER_NUMBER_OBJECT_CONVERSION = YES_AGGRESSIVE;
				CLANG_CXX_LANGUAGE_STANDARD = "gnu++14";
				CLANG_CXX_LIBRARY = "libc++";
				CLANG_ENABLE_MODULES = YES;
				CLANG_ENABLE_OBJC_ARC = YES;
				CLANG_WARN_BLOCK_CAPTURE_AUTORELEASING = YES;
				CLANG_WARN_BOOL_CONVERSION = YES;
				CLANG_WARN_COMMA = YES;
				CLANG_WARN_CONSTANT_CONVERSION = YES;
				CLANG_WARN_DIRECT_OBJC_ISA_USAGE = YES_ERROR;
				CLANG_WARN_DOCUMENTATION_COMMENTS = YES;
				CLANG_WARN_EMPTY_BODY = YES;
				CLANG_WARN_ENUM_CONVERSION = YES;
				CLANG_WARN_INFINITE_RECURSION = YES;
				CLANG_WARN_INT_CONVERSION = YES;
				CLANG_WARN_NON_LITERAL_NULL_CONVERSION = YES;
				CLANG_WARN_OBJC_LITERAL_CONVERSION = YES;
				CLANG_WARN_OBJC_ROOT_CLASS = YES_ERROR;
				CLANG_WARN_RANGE_LOOP_ANALYSIS = YES;
				CLANG_WARN_STRICT_PROTOTYPES = YES;
				CLANG_WARN_SUSPICIOUS_MOVE = YES;
				CLANG_WARN_UNGUARDED_AVAILABILITY = YES_AGGRESSIVE;
				CLANG_WARN_UNREACHABLE_CODE = YES;
				CLANG_WARN__DUPLICATE_METHOD_MATCH = YES;
				CODE_SIGN_IDENTITY = "iPhone Developer";
				COPY_PHASE_STRIP = NO;
				DEBUG_INFORMATION_FORMAT = dwarf;
				ENABLE_STRICT_OBJC_MSGSEND = YES;
				ENABLE_TESTABILITY = YES;
				GCC_C_LANGUAGE_STANDARD = gnu11;
				GCC_DYNAMIC_NO_PIC = NO;
				GCC_NO_COMMON_BLOCKS = YES;
				GCC_OPTIMIZATION_LEVEL = 0;
				GCC_PREPROCESSOR_DEFINITIONS = (
					"DEBUG=1",
					"$(inherited)",
				);
				GCC_WARN_64_TO_32_BIT_CONVERSION = YES;
				GCC_WARN_ABOUT_RETURN_TYPE = YES_ERROR;
				GCC_WARN_UNDECLARED_SELECTOR = YES;
				GCC_WARN_UNINITIALIZED_AUTOS = YES_AGGRESSIVE;
				GCC_WARN_UNUSED_FUNCTION = YES;
				GCC_WARN_UNUSED_VARIABLE = YES;
				IPHONEOS_DEPLOYMENT_TARGET = 11.0;
				MTL_ENABLE_DEBUG_INFO = YES;
				ONLY_ACTIVE_ARCH = YES;
				SDKROOT = iphoneos;
				SWIFT_ACTIVE_COMPILATION_CONDITIONS = DEBUG;
				SWIFT_OPTIMIZATION_LEVEL = "-Onone";
			};
			name = Debug;
		};
		2AD52D0A1F89FEE50090F7A3 /* Release */ = {
			isa = XCBuildConfiguration;
			buildSettings = {
				ALWAYS_SEARCH_USER_PATHS = NO;
				CLANG_ANALYZER_NONNULL = YES;
				CLANG_ANALYZER_NUMBER_OBJECT_CONVERSION = YES_AGGRESSIVE;
				CLANG_CXX_LANGUAGE_STANDARD = "gnu++14";
				CLANG_CXX_LIBRARY = "libc++";
				CLANG_ENABLE_MODULES = YES;
				CLANG_ENABLE_OBJC_ARC = YES;
				CLANG_WARN_BLOCK_CAPTURE_AUTORELEASING = YES;
				CLANG_WARN_BOOL_CONVERSION = YES;
				CLANG_WARN_COMMA = YES;
				CLANG_WARN_CONSTANT_CONVERSION = YES;
				CLANG_WARN_DIRECT_OBJC_ISA_USAGE = YES_ERROR;
				CLANG_WARN_DOCUMENTATION_COMMENTS = YES;
				CLANG_WARN_EMPTY_BODY = YES;
				CLANG_WARN_ENUM_CONVERSION = YES;
				CLANG_WARN_INFINITE_RECURSION = YES;
				CLANG_WARN_INT_CONVERSION = YES;
				CLANG_WARN_NON_LITERAL_NULL_CONVERSION = YES;
				CLANG_WARN_OBJC_LITERAL_CONVERSION = YES;
				CLANG_WARN_OBJC_ROOT_CLASS = YES_ERROR;
				CLANG_WARN_RANGE_LOOP_ANALYSIS = YES;
				CLANG_WARN_STRICT_PROTOTYPES = YES;
				CLANG_WARN_SUSPICIOUS_MOVE = YES;
				CLANG_WARN_UNGUARDED_AVAILABILITY = YES_AGGRESSIVE;
				CLANG_WARN_UNREACHABLE_CODE = YES;
				CLANG_WARN__DUPLICATE_METHOD_MATCH = YES;
				CODE_SIGN_IDENTITY = "iPhone Developer";
				COPY_PHASE_STRIP = NO;
				DEBUG_INFORMATION_FORMAT = "dwarf-with-dsym";
				ENABLE_NS_ASSERTIONS = NO;
				ENABLE_STRICT_OBJC_MSGSEND = YES;
				GCC_C_LANGUAGE_STANDARD = gnu11;
				GCC_NO_COMMON_BLOCKS = YES;
				GCC_WARN_64_TO_32_BIT_CONVERSION = YES;
				GCC_WARN_ABOUT_RETURN_TYPE = YES_ERROR;
				GCC_WARN_UNDECLARED_SELECTOR = YES;
				GCC_WARN_UNINITIALIZED_AUTOS = YES_AGGRESSIVE;
				GCC_WARN_UNUSED_FUNCTION = YES;
				GCC_WARN_UNUSED_VARIABLE = YES;
				IPHONEOS_DEPLOYMENT_TARGET = 11.0;
				MTL_ENABLE_DEBUG_INFO = NO;
				SDKROOT = iphoneos;
				SWIFT_OPTIMIZATION_LEVEL = "-Owholemodule";
				VALIDATE_PRODUCT = YES;
			};
			name = Release;
		};
		2AD52D0C1F89FEE50090F7A3 /* Debug */ = {
			isa = XCBuildConfiguration;
			buildSettings = {
				ASSETCATALOG_COMPILER_APPICON_NAME = AppIcon;
				CODE_SIGN_STYLE = Automatic;
				INFOPLIST_FILE = firstIosAppp/Info.plist;
				LD_RUNPATH_SEARCH_PATHS = "$(inherited) @executable_path/Frameworks";
				PRODUCT_BUNDLE_IDENTIFIER = com.gong.firstIosAppp;
				PRODUCT_NAME = "$(TARGET_NAME)";
				SWIFT_VERSION = 4.0;
				TARGETED_DEVICE_FAMILY = "1,2";
			};
			name = Debug;
		};
		2AD52D0D1F89FEE50090F7A3 /* Release */ = {
			isa = XCBuildConfiguration;
			buildSettings = {
				ASSETCATALOG_COMPILER_APPICON_NAME = AppIcon;
				CODE_SIGN_STYLE = Automatic;
				INFOPLIST_FILE = firstIosAppp/Info.plist;
				LD_RUNPATH_SEARCH_PATHS = "$(inherited) @executable_path/Frameworks";
				PRODUCT_BUNDLE_IDENTIFIER = com.gong.firstIosAppp;
				PRODUCT_NAME = "$(TARGET_NAME)";
				SWIFT_VERSION = 4.0;
				TARGETED_DEVICE_FAMILY = "1,2";
			};
			name = Release;
		};
/* End XCBuildConfiguration section */

/* Begin XCConfigurationList section */
		2AD52CF41F89FEE50090F7A3 /* Build configuration list for PBXProject "firstIosAppp" */ = {
			isa = XCConfigurationList;
			buildConfigurations = (
				2AD52D091F89FEE50090F7A3 /* Debug */,
				2AD52D0A1F89FEE50090F7A3 /* Release */,
			);
			defaultConfigurationIsVisible = 0;
			defaultConfigurationName = Release;
		};
		2AD52D0B1F89FEE50090F7A3 /* Build configuration list for PBXNativeTarget "firstIosAppp" */ = {
			isa = XCConfigurationList;
			buildConfigurations = (
				2AD52D0C1F89FEE50090F7A3 /* Debug */,
				2AD52D0D1F89FEE50090F7A3 /* Release */,
			);
			defaultConfigurationIsVisible = 0;
			defaultConfigurationName = Release;
		};
/* End XCConfigurationList section */
	};
	rootObject = 2AD52CF11F89FEE50090F7A3 /* Project object */;
}
